// !$*UTF8*$!
{
	archiveVersion = 1;
	classes = {
	};
	objectVersion = 55;
	objects = {

/* Begin PBXBuildFile section */
		BD07FEA328A69B3400575184 /* QuizInfo.swift in Sources */ = {isa = PBXBuildFile; fileRef = BD07FEA228A69B3400575184 /* QuizInfo.swift */; };
		BDEAAD9528A56F1A00BA0718 /* AppDelegate.swift in Sources */ = {isa = PBXBuildFile; fileRef = BDEAAD9428A56F1A00BA0718 /* AppDelegate.swift */; };
		BDEAAD9728A56F1A00BA0718 /* SceneDelegate.swift in Sources */ = {isa = PBXBuildFile; fileRef = BDEAAD9628A56F1A00BA0718 /* SceneDelegate.swift */; };
		BDEAAD9928A56F1A00BA0718 /* ViewController.swift in Sources */ = {isa = PBXBuildFile; fileRef = BDEAAD9828A56F1A00BA0718 /* ViewController.swift */; };
		BDEAAD9C28A56F1A00BA0718 /* Main.storyboard in Resources */ = {isa = PBXBuildFile; fileRef = BDEAAD9A28A56F1A00BA0718 /* Main.storyboard */; };
		BDEAAD9E28A56F1B00BA0718 /* Assets.xcassets in Resources */ = {isa = PBXBuildFile; fileRef = BDEAAD9D28A56F1B00BA0718 /* Assets.xcassets */; };
		BDEAADA128A56F1B00BA0718 /* LaunchScreen.storyboard in Resources */ = {isa = PBXBuildFile; fileRef = BDEAAD9F28A56F1B00BA0718 /* LaunchScreen.storyboard */; };
		BDEAADA928A5709700BA0718 /* SecondViewController.swift in Sources */ = {isa = PBXBuildFile; fileRef = BDEAADA828A5709600BA0718 /* SecondViewController.swift */; };
		BDEAADAB28A570A900BA0718 /* ThirdViewController.swift in Sources */ = {isa = PBXBuildFile; fileRef = BDEAADAA28A570A900BA0718 /* ThirdViewController.swift */; };
/* End PBXBuildFile section */

/* Begin PBXFileReference section */
		BD07FEA228A69B3400575184 /* QuizInfo.swift */ = {isa = PBXFileReference; lastKnownFileType = sourcecode.swift; path = QuizInfo.swift; sourceTree = "<group>"; };
		BDEAAD9128A56F1A00BA0718 /* QuestionApp.app */ = {isa = PBXFileReference; explicitFileType = wrapper.application; includeInIndex = 0; path = QuestionApp.app; sourceTree = BUILT_PRODUCTS_DIR; };
		BDEAAD9428A56F1A00BA0718 /* AppDelegate.swift */ = {isa = PBXFileReference; lastKnownFileType = sourcecode.swift; path = AppDelegate.swift; sourceTree = "<group>"; };
		BDEAAD9628A56F1A00BA0718 /* SceneDelegate.swift */ = {isa = PBXFileReference; lastKnownFileType = sourcecode.swift; path = SceneDelegate.swift; sourceTree = "<group>"; };
		BDEAAD9828A56F1A00BA0718 /* ViewController.swift */ = {isa = PBXFileReference; lastKnownFileType = sourcecode.swift; path = ViewController.swift; sourceTree = "<group>"; };
		BDEAAD9B28A56F1A00BA0718 /* Base */ = {isa = PBXFileReference; lastKnownFileType = file.storyboard; name = Base; path = Base.lproj/Main.storyboard; sourceTree = "<group>"; };
		BDEAAD9D28A56F1B00BA0718 /* Assets.xcassets */ = {isa = PBXFileReference; lastKnownFileType = folder.assetcatalog; path = Assets.xcassets; sourceTree = "<group>"; };
		BDEAADA028A56F1B00BA0718 /* Base */ = {isa = PBXFileReference; lastKnownFileType = file.storyboard; name = Base; path = Base.lproj/LaunchScreen.storyboard; sourceTree = "<group>"; };
		BDEAADA228A56F1B00BA0718 /* Info.plist */ = {isa = PBXFileReference; lastKnownFileType = text.plist.xml; path = Info.plist; sourceTree = "<group>"; };
		BDEAADA828A5709600BA0718 /* SecondViewController.swift */ = {isa = PBXFileReference; lastKnownFileType = sourcecode.swift; path = SecondViewController.swift; sourceTree = "<group>"; };
		BDEAADAA28A570A900BA0718 /* ThirdViewController.swift */ = {isa = PBXFileReference; lastKnownFileType = sourcecode.swift; path = ThirdViewController.swift; sourceTree = "<group>"; };
/* End PBXFileReference section */

/* Begin PBXFrameworksBuildPhase section */
		BDEAAD8E28A56F1A00BA0718 /* Frameworks */ = {
			isa = PBXFrameworksBuildPhase;
			buildActionMask = 2147483647;
			files = (
			);
			runOnlyForDeploymentPostprocessing = 0;
		};
/* End PBXFrameworksBuildPhase section */

/* Begin PBXGroup section */
		BDEAAD8828A56F1A00BA0718 = {
			isa = PBXGroup;
			children = (
				BDEAAD9328A56F1A00BA0718 /* QuestionApp */,
				BDEAAD9228A56F1A00BA0718 /* Products */,
			);
			sourceTree = "<group>";
		};
		BDEAAD9228A56F1A00BA0718 /* Products */ = {
			isa = PBXGroup;
			children = (
				BDEAAD9128A56F1A00BA0718 /* QuestionApp.app */,
			);
			name = Products;
			sourceTree = "<group>";
		};
		BDEAAD9328A56F1A00BA0718 /* QuestionApp */ = {
			isa = PBXGroup;
			children = (
				BDEAAD9428A56F1A00BA0718 /* AppDelegate.swift */,
				BDEAAD9628A56F1A00BA0718 /* SceneDelegate.swift */,
				BDEAAD9828A56F1A00BA0718 /* ViewController.swift */,
				BDEAADAA28A570A900BA0718 /* ThirdViewController.swift */,
				BDEAADA828A5709600BA0718 /* SecondViewController.swift */,
				BDEAAD9A28A56F1A00BA0718 /* Main.storyboard */,
				BD07FEA228A69B3400575184 /* QuizInfo.swift */,
				BDEAAD9D28A56F1B00BA0718 /* Assets.xcassets */,
				BDEAAD9F28A56F1B00BA0718 /* LaunchScreen.storyboard */,
				BDEAADA228A56F1B00BA0718 /* Info.plist */,
			);
			path = QuestionApp;
			sourceTree = "<group>";
		};
/* End PBXGroup section */

/* Begin PBXNativeTarget section */
		BDEAAD9028A56F1A00BA0718 /* QuestionApp */ = {
			isa = PBXNativeTarget;
			buildConfigurationList = BDEAADA528A56F1B00BA0718 /* Build configuration list for PBXNativeTarget "QuestionApp" */;
			buildPhases = (
				BDEAAD8D28A56F1A00BA0718 /* Sources */,
				BDEAAD8E28A56F1A00BA0718 /* Frameworks */,
				BDEAAD8F28A56F1A00BA0718 /* Resources */,
			);
			buildRules = (
			);
			dependencies = (
			);
			name = QuestionApp;
			productName = QuestionApp;
			productReference = BDEAAD9128A56F1A00BA0718 /* QuestionApp.app */;
			productType = "com.apple.product-type.application";
		};
/* End PBXNativeTarget section */

/* Begin PBXProject section */
		BDEAAD8928A56F1A00BA0718 /* Project object */ = {
			isa = PBXProject;
			attributes = {
				BuildIndependentTargetsInParallel = 1;
				LastSwiftUpdateCheck = 1340;
				LastUpgradeCheck = 1340;
				TargetAttributes = {
					BDEAAD9028A56F1A00BA0718 = {
						CreatedOnToolsVersion = 13.4.1;
					};
				};
			};
			buildConfigurationList = BDEAAD8C28A56F1A00BA0718 /* Build configuration list for PBXProject "QuestionApp" */;
			compatibilityVersion = "Xcode 13.0";
			developmentRegion = en;
			hasScannedForEncodings = 0;
			knownRegions = (
				en,
				Base,
			);
			mainGroup = BDEAAD8828A56F1A00BA0718;
			productRefGroup = BDEAAD9228A56F1A00BA0718 /* Products */;
			projectDirPath = "";
			projectRoot = "";
			targets = (
				BDEAAD9028A56F1A00BA0718 /* QuestionApp */,
			);
		};
/* End PBXProject section */

/* Begin PBXResourcesBuildPhase section */
		BDEAAD8F28A56F1A00BA0718 /* Resources */ = {
			isa = PBXResourcesBuildPhase;
			buildActionMask = 2147483647;
			files = (
				BDEAADA128A56F1B00BA0718 /* LaunchScreen.storyboard in Resources */,
				BDEAAD9E28A56F1B00BA0718 /* Assets.xcassets in Resources */,
				BDEAAD9C28A56F1A00BA0718 /* Main.storyboard in Resources */,
			);
			runOnlyForDeploymentPostprocessing = 0;
		};
/* End PBXResourcesBuildPhase section */

/* Begin PBXSourcesBuildPhase section */
		BDEAAD8D28A56F1A00BA0718 /* Sources */ = {
			isa = PBXSourcesBuildPhase;
			buildActionMask = 2147483647;
			files = (
				BDEAADA928A5709700BA0718 /* SecondViewController.swift in Sources */,
				BDEAAD9928A56F1A00BA0718 /* ViewController.swift in Sources */,
				BD07FEA328A69B3400575184 /* QuizInfo.swift in Sources */,
				BDEAADAB28A570A900BA0718 /* ThirdViewController.swift in Sources */,
				BDEAAD9528A56F1A00BA0718 /* AppDelegate.swift in Sources */,
				BDEAAD9728A56F1A00BA0718 /* SceneDelegate.swift in Sources */,
			);
			runOnlyForDeploymentPostprocessing = 0;
		};
/* End PBXSourcesBuildPhase section */

/* Begin PBXVariantGroup section */
		BDEAAD9A28A56F1A00BA0718 /* Main.storyboard */ = {
			isa = PBXVariantGroup;
			children = (
				BDEAAD9B28A56F1A00BA0718 /* Base */,
			);
			name = Main.storyboard;
			sourceTree = "<group>";
		};
		BDEAAD9F28A56F1B00BA0718 /* LaunchScreen.storyboard */ = {
			isa = PBXVariantGroup;
			children = (
				BDEAADA028A56F1B00BA0718 /* Base */,
			);
			name = LaunchScreen.storyboard;
			sourceTree = "<group>";
		};
/* End PBXVariantGroup section */

/* Begin XCBuildConfiguration section */
		BDEAADA328A56F1B00BA0718 /* Debug */ = {
			isa = XCBuildConfiguration;
			buildSettings = {
				ALWAYS_SEARCH_USER_PATHS = NO;
				CLANG_ANALYZER_NONNULL = YES;
				CLANG_ANALYZER_NUMBER_OBJECT_CONVERSION = YES_AGGRESSIVE;
				CLANG_CXX_LANGUAGE_STANDARD = "gnu++17";
				CLANG_ENABLE_MODULES = YES;
				CLANG_ENABLE_OBJC_ARC = YES;
				CLANG_ENABLE_OBJC_WEAK = YES;
				CLANG_WARN_BLOCK_CAPTURE_AUTORELEASING = YES;
				CLANG_WARN_BOOL_CONVERSION = YES;
				CLANG_WARN_COMMA = YES;
				CLANG_WARN_CONSTANT_CONVERSION = YES;
				CLANG_WARN_DEPRECATED_OBJC_IMPLEMENTATIONS = YES;
				CLANG_WARN_DIRECT_OBJC_ISA_USAGE = YES_ERROR;
				CLANG_WARN_DOCUMENTATION_COMMENTS = YES;
				CLANG_WARN_EMPTY_BODY = YES;
				CLANG_WARN_ENUM_CONVERSION = YES;
				CLANG_WARN_INFINITE_RECURSION = YES;
				CLANG_WARN_INT_CONVERSION = YES;
				CLANG_WARN_NON_LITERAL_NULL_CONVERSION = YES;
				CLANG_WARN_OBJC_IMPLICIT_RETAIN_SELF = YES;
				CLANG_WARN_OBJC_LITERAL_CONVERSION = YES;
				CLANG_WARN_OBJC_ROOT_CLASS = YES_ERROR;
				CLANG_WARN_QUOTED_INCLUDE_IN_FRAMEWORK_HEADER = YES;
				CLANG_WARN_RANGE_LOOP_ANALYSIS = YES;
				CLANG_WARN_STRICT_PROTOTYPES = YES;
				CLANG_WARN_SUSPICIOUS_MOVE = YES;
				CLANG_WARN_UNGUARDED_AVAILABILITY = YES_AGGRESSIVE;
				CLANG_WARN_UNREACHABLE_CODE = YES;
				CLANG_WARN__DUPLICATE_METHOD_MATCH = YES;
				COPY_PHASE_STRIP = NO;
				DEBUG_INFORMATION_FORMAT = dwarf;
				ENABLE_STRICT_OBJC_MSGSEND = YES;
				ENABLE_TESTABILITY = YES;
				GCC_C_LANGUAGE_STANDARD = gnu11;
				GCC_DYNAMIC_NO_PIC = NO;
				GCC_NO_COMMON_BLOCKS = YES;
				GCC_OPTIMIZATION_LEVEL = 0;
				GCC_PREPROCESSOR_DEFINITIONS = (
					"DEBUG=1",
					"$(inherited)",
				);
				GCC_WARN_64_TO_32_BIT_CONVERSION = YES;
				GCC_WARN_ABOUT_RETURN_TYPE = YES_ERROR;
				GCC_WARN_UNDECLARED_SELECTOR = YES;
				GCC_WARN_UNINITIALIZED_AUTOS = YES_AGGRESSIVE;
				GCC_WARN_UNUSED_FUNCTION = YES;
				GCC_WARN_UNUSED_VARIABLE = YES;
				IPHONEOS_DEPLOYMENT_TARGET = 15.5;
				MTL_ENABLE_DEBUG_INFO = INCLUDE_SOURCE;
				MTL_FAST_MATH = YES;
				ONLY_ACTIVE_ARCH = YES;
				SDKROOT = iphoneos;
				SWIFT_ACTIVE_COMPILATION_CONDITIONS = DEBUG;
				SWIFT_OPTIMIZATION_LEVEL = "-Onone";
			};
			name = Debug;
		};
		BDEAADA428A56F1B00BA0718 /* Release */ = {
			isa = XCBuildConfiguration;
			buildSettings = {
				ALWAYS_SEARCH_USER_PATHS = NO;
				CLANG_ANALYZER_NONNULL = YES;
				CLANG_ANALYZER_NUMBER_OBJECT_CONVERSION = YES_AGGRESSIVE;
				CLANG_CXX_LANGUAGE_STANDARD = "gnu++17";
				CLANG_ENABLE_MODULES = YES;
				CLANG_ENABLE_OBJC_ARC = YES;
				CLANG_ENABLE_OBJC_WEAK = YES;
				CLANG_WARN_BLOCK_CAPTURE_AUTORELEASING = YES;
				CLANG_WARN_BOOL_CONVERSION = YES;
				CLANG_WARN_COMMA = YES;
				CLANG_WARN_CONSTANT_CONVERSION = YES;
				CLANG_WARN_DEPRECATED_OBJC_IMPLEMENTATIONS = YES;
				CLANG_WARN_DIRECT_OBJC_ISA_USAGE = YES_ERROR;
				CLANG_WARN_DOCUMENTATION_COMMENTS = YES;
				CLANG_WARN_EMPTY_BODY = YES;
				CLANG_WARN_ENUM_CONVERSION = YES;
				CLANG_WARN_INFINITE_RECURSION = YES;
				CLANG_WARN_INT_CONVERSION = YES;
				CLANG_WARN_NON_LITERAL_NULL_CONVERSION = YES;
				CLANG_WARN_OBJC_IMPLICIT_RETAIN_SELF = YES;
				CLANG_WARN_OBJC_LITERAL_CONVERSION = YES;
				CLANG_WARN_OBJC_ROOT_CLASS = YES_ERROR;
				CLANG_WARN_QUOTED_INCLUDE_IN_FRAMEWORK_HEADER = YES;
				CLANG_WARN_RANGE_LOOP_ANALYSIS = YES;
				CLANG_WARN_STRICT_PROTOTYPES = YES;
				CLANG_WARN_SUSPICIOUS_MOVE = YES;
				CLANG_WARN_UNGUARDED_AVAILABILITY = YES_AGGRESSIVE;
				CLANG_WARN_UNREACHABLE_CODE = YES;
				CLANG_WARN__DUPLICATE_METHOD_MATCH = YES;
				COPY_PHASE_STRIP = NO;
				DEBUG_INFORMATION_FORMAT = "dwarf-with-dsym";
				ENABLE_NS_ASSERTIONS = NO;
				ENABLE_STRICT_OBJC_MSGSEND = YES;
				GCC_C_LANGUAGE_STANDARD = gnu11;
				GCC_NO_COMMON_BLOCKS = YES;
				GCC_WARN_64_TO_32_BIT_CONVERSION = YES;
				GCC_WARN_ABOUT_RETURN_TYPE = YES_ERROR;
				GCC_WARN_UNDECLARED_SELECTOR = YES;
				GCC_WARN_UNINITIALIZED_AUTOS = YES_AGGRESSIVE;
				GCC_WARN_UNUSED_FUNCTION = YES;
				GCC_WARN_UNUSED_VARIABLE = YES;
				IPHONEOS_DEPLOYMENT_TARGET = 15.5;
				MTL_ENABLE_DEBUG_INFO = NO;
				MTL_FAST_MATH = YES;
				SDKROOT = iphoneos;
				SWIFT_COMPILATION_MODE = wholemodule;
				SWIFT_OPTIMIZATION_LEVEL = "-O";
				VALIDATE_PRODUCT = YES;
			};
			name = Release;
		};
		BDEAADA628A56F1B00BA0718 /* Debug */ = {
			isa = XCBuildConfiguration;
			buildSettings = {
				ASSETCATALOG_COMPILER_APPICON_NAME = AppIcon;
				ASSETCATALOG_COMPILER_GLOBAL_ACCENT_COLOR_NAME = AccentColor;
				CODE_SIGN_STYLE = Automatic;
				CURRENT_PROJECT_VERSION = 1;
				GENERATE_INFOPLIST_FILE = YES;
				INFOPLIST_FILE = QuestionApp/Info.plist;
				INFOPLIST_KEY_UIApplicationSupportsIndirectInputEvents = YES;
				INFOPLIST_KEY_UILaunchStoryboardName = LaunchScreen;
				INFOPLIST_KEY_UIMainStoryboardFile = Main;
				INFOPLIST_KEY_UISupportedInterfaceOrientations_iPad = "UIInterfaceOrientationPortrait UIInterfaceOrientationPortraitUpsideDown UIInterfaceOrientationLandscapeLeft UIInterfaceOrientationLandscapeRight";
				INFOPLIST_KEY_UISupportedInterfaceOrientations_iPhone = "UIInterfaceOrientationPortrait UIInterfaceOrientationLandscapeLeft UIInterfaceOrientationLandscapeRight";
				LD_RUNPATH_SEARCH_PATHS = (
					"$(inherited)",
					"@executable_path/Frameworks",
				);
				MARKETING_VERSION = 1.0;
				PRODUCT_BUNDLE_IDENTIFIER = KWK.QuestionApp;
				PRODUCT_NAME = "$(TARGET_NAME)";
				SWIFT_EMIT_LOC_STRINGS = YES;
				SWIFT_VERSION = 5.0;
				TARGETED_DEVICE_FAMILY = "1,2";
			};
			name = Debug;
		};
		BDEAADA728A56F1B00BA0718 /* Release */ = {
			isa = XCBuildConfiguration;
			buildSettings = {
				ASSETCATALOG_COMPILER_APPICON_NAME = AppIcon;
				ASSETCATALOG_COMPILER_GLOBAL_ACCENT_COLOR_NAME = AccentColor;
				CODE_SIGN_STYLE = Automatic;
				CURRENT_PROJECT_VERSION = 1;
				GENERATE_INFOPLIST_FILE = YES;
				INFOPLIST_FILE = QuestionApp/Info.plist;
				INFOPLIST_KEY_UIApplicationSupportsIndirectInputEvents = YES;
				INFOPLIST_KEY_UILaunchStoryboardName = LaunchScreen;
				INFOPLIST_KEY_UIMainStoryboardFile = Main;
				INFOPLIST_KEY_UISupportedInterfaceOrientations_iPad = "UIInterfaceOrientationPortrait UIInterfaceOrientationPortraitUpsideDown UIInterfaceOrientationLandscapeLeft UIInterfaceOrientationLandscapeRight";
				INFOPLIST_KEY_UISupportedInterfaceOrientations_iPhone = "UIInterfaceOrientationPortrait UIInterfaceOrientationLandscapeLeft UIInterfaceOrientationLandscapeRight";
				LD_RUNPATH_SEARCH_PATHS = (
					"$(inherited)",
					"@executable_path/Frameworks",
				);
				MARKETING_VERSION = 1.0;
				PRODUCT_BUNDLE_IDENTIFIER = KWK.QuestionApp;
				PRODUCT_NAME = "$(TARGET_NAME)";
				SWIFT_EMIT_LOC_STRINGS = YES;
				SWIFT_VERSION = 5.0;
				TARGETED_DEVICE_FAMILY = "1,2";
			};
			name = Release;
		};
/* End XCBuildConfiguration section */

/* Begin XCConfigurationList section */
		BDEAAD8C28A56F1A00BA0718 /* Build configuration list for PBXProject "QuestionApp" */ = {
			isa = XCConfigurationList;
			buildConfigurations = (
				BDEAADA328A56F1B00BA0718 /* Debug */,
				BDEAADA428A56F1B00BA0718 /* Release */,
			);
			defaultConfigurationIsVisible = 0;
			defaultConfigurationName = Release;
		};
		BDEAADA528A56F1B00BA0718 /* Build configuration list for PBXNativeTarget "QuestionApp" */ = {
			isa = XCConfigurationList;
			buildConfigurations = (
				BDEAADA628A56F1B00BA0718 /* Debug */,
				BDEAADA728A56F1B00BA0718 /* Release */,
			);
			defaultConfigurationIsVisible = 0;
			defaultConfigurationName = Release;
		};
/* End XCConfigurationList section */
	};
	rootObject = BDEAAD8928A56F1A00BA0718 /* Project object */;
}
